
Microsoft Visual Studio Solution File, Format Version 12.00
# Visual Studio Version 16
VisualStudioVersion = 16.0.30413.136
MinimumVisualStudioVersion = 10.0.40219.1
Project("{FAE04EC0-301F-11D3-BF4B-00C04F79EFBC}") = "startupModules", "startupModules\startupModules.csproj", "{624341C2-08DE-42CD-888E-C357DA93C298}"
EndProject
Project("{FAE04EC0-301F-11D3-BF4B-00C04F79EFBC}") = "ModuleLibrary", "ModuleLibrary\ModuleLibrary.csproj", "{ECDB0D15-2467-46AF-B3EA-D49E047E151C}"
EndProject
Global
	GlobalSection(SolutionConfigurationPlatforms) = preSolution
		Debug|Any CPU = Debug|Any CPU
		Release|Any CPU = Release|Any CPU
	EndGlobalSection
	GlobalSection(ProjectConfigurationPlatforms) = postSolution
		{624341C2-08DE-42CD-888E-C357DA93C298}.Debug|Any CPU.ActiveCfg = Debug|Any CPU
		{624341C2-08DE-42CD-888E-C357DA93C298}.Debug|Any CPU.Build.0 = Debug|Any CPU
		{624341C2-08DE-42CD-888E-C357DA93C298}.Release|Any CPU.ActiveCfg = Release|Any CPU
		{624341C2-08DE-42CD-888E-C357DA93C298}.Release|Any CPU.Build.0 = Release|Any CPU
		{ECDB0D15-2467-46AF-B3EA-D49E047E151C}.Debug|Any CPU.ActiveCfg = Debug|Any CPU
		{ECDB0D15-2467-46AF-B3EA-D49E047E151C}.Debug|Any CPU.Build.0 = Debug|Any CPU
		{ECDB0D15-2467-46AF-B3EA-D49E047E151C}.Release|Any CPU.ActiveCfg = Release|Any CPU
		{ECDB0D15-2467-46AF-B3EA-D49E047E151C}.Release|Any CPU.Build.0 = Release|Any CPU
	EndGlobalSection
	GlobalSection(SolutionProperties) = preSolution
		HideSolutionNode = FALSE
	EndGlobalSection
	GlobalSection(ExtensibilityGlobals) = postSolution
		SolutionGuid = {5F69D539-36FC-4D3E-AA4E-68F357966D94}
	EndGlobalSection
EndGlobal
